
Microsoft Visual Studio Solution File, Format Version 12.00
Project("{2150E333-8FDC-42A3-9474-1A3956D46DE8}") = "shared", "shared", "{4F52FD11-658E-A102-6CD3-7D7C16FFA15B}"
EndProject
Project("{FAE04EC0-301F-11D3-BF4B-00C04F79EFBC}") = "Library.Contracts", "shared\Library.Contracts\Library.Contracts.csproj", "{8234505A-C190-4B9F-A57A-0801B975DFEE}"
EndProject
Project("{FAE04EC0-301F-11D3-BF4B-00C04F79EFBC}") = "UsersService", "services\UsersService\UsersService.csproj", "{E45ADB9D-E77A-4F3C-B22F-E46DD25F407A}"
EndProject
Project("{FAE04EC0-301F-11D3-BF4B-00C04F79EFBC}") = "BooksService", "services\BooksService\BooksService.csproj", "{E2907E68-060C-4899-B904-A131E41879ED}"
EndProject
Project("{FAE04EC0-301F-11D3-BF4B-00C04F79EFBC}") = "BookingService", "services\BookingService\BookingService.csproj", "{20921F16-C101-4DBE-BA8D-BA8F4CD04FDF}"
EndProject
Project("{FAE04EC0-301F-11D3-BF4B-00C04F79EFBC}") = "WorkflowSaga", "workflow-saga\WorkflowSaga\WorkflowSaga.csproj", "{3CE1495F-696D-474D-9108-4008EC4B85D6}"
EndProject
Project("{FAE04EC0-301F-11D3-BF4B-00C04F79EFBC}") = "LibraryWeb", "frontend\LibraryWeb\LibraryWeb.csproj", "{9B054802-D981-4777-9766-D8448E0E17EE}"
EndProject
Global
	GlobalSection(SolutionConfigurationPlatforms) = preSolution
		Debug|Any CPU = Debug|Any CPU
		Debug|x64 = Debug|x64
		Debug|x86 = Debug|x86
		Release|Any CPU = Release|Any CPU
		Release|x64 = Release|x64
		Release|x86 = Release|x86
	EndGlobalSection
	GlobalSection(ProjectConfigurationPlatforms) = postSolution
		{8234505A-C190-4B9F-A57A-0801B975DFEE}.Debug|Any CPU.ActiveCfg = Debug|Any CPU
		{8234505A-C190-4B9F-A57A-0801B975DFEE}.Debug|Any CPU.Build.0 = Debug|Any CPU
		{8234505A-C190-4B9F-A57A-0801B975DFEE}.Debug|x64.ActiveCfg = Debug|Any CPU
		{8234505A-C190-4B9F-A57A-0801B975DFEE}.Debug|x64.Build.0 = Debug|Any CPU
		{8234505A-C190-4B9F-A57A-0801B975DFEE}.Debug|x86.ActiveCfg = Debug|Any CPU
		{8234505A-C190-4B9F-A57A-0801B975DFEE}.Debug|x86.Build.0 = Debug|Any CPU
		{8234505A-C190-4B9F-A57A-0801B975DFEE}.Release|Any CPU.ActiveCfg = Release|Any CPU
		{8234505A-C190-4B9F-A57A-0801B975DFEE}.Release|Any CPU.Build.0 = Release|Any CPU
		{8234505A-C190-4B9F-A57A-0801B975DFEE}.Release|x64.ActiveCfg = Release|Any CPU
		{8234505A-C190-4B9F-A57A-0801B975DFEE}.Release|x64.Build.0 = Release|Any CPU
		{8234505A-C190-4B9F-A57A-0801B975DFEE}.Release|x86.ActiveCfg = Release|Any CPU
		{8234505A-C190-4B9F-A57A-0801B975DFEE}.Release|x86.Build.0 = Release|Any CPU
		{E45ADB9D-E77A-4F3C-B22F-E46DD25F407A}.Debug|Any CPU.ActiveCfg = Debug|Any CPU
		{E45ADB9D-E77A-4F3C-B22F-E46DD25F407A}.Debug|Any CPU.Build.0 = Debug|Any CPU
		{E45ADB9D-E77A-4F3C-B22F-E46DD25F407A}.Debug|x64.ActiveCfg = Debug|Any CPU
		{E45ADB9D-E77A-4F3C-B22F-E46DD25F407A}.Debug|x64.Build.0 = Debug|Any CPU
		{E45ADB9D-E77A-4F3C-B22F-E46DD25F407A}.Debug|x86.ActiveCfg = Debug|Any CPU
		{E45ADB9D-E77A-4F3C-B22F-E46DD25F407A}.Debug|x86.Build.0 = Debug|Any CPU
		{E45ADB9D-E77A-4F3C-B22F-E46DD25F407A}.Release|Any CPU.ActiveCfg = Release|Any CPU
		{E45ADB9D-E77A-4F3C-B22F-E46DD25F407A}.Release|Any CPU.Build.0 = Release|Any CPU
		{E45ADB9D-E77A-4F3C-B22F-E46DD25F407A}.Release|x64.ActiveCfg = Release|Any CPU
		{E45ADB9D-E77A-4F3C-B22F-E46DD25F407A}.Release|x64.Build.0 = Release|Any CPU
		{E45ADB9D-E77A-4F3C-B22F-E46DD25F407A}.Release|x86.ActiveCfg = Release|Any CPU
		{E45ADB9D-E77A-4F3C-B22F-E46DD25F407A}.Release|x86.Build.0 = Release|Any CPU
		{E2907E68-060C-4899-B904-A131E41879ED}.Debug|Any CPU.ActiveCfg = Debug|Any CPU
		{E2907E68-060C-4899-B904-A131E41879ED}.Debug|Any CPU.Build.0 = Debug|Any CPU
		{E2907E68-060C-4899-B904-A131E41879ED}.Debug|x64.ActiveCfg = Debug|Any CPU
		{E2907E68-060C-4899-B904-A131E41879ED}.Debug|x64.Build.0 = Debug|Any CPU
		{E2907E68-060C-4899-B904-A131E41879ED}.Debug|x86.ActiveCfg = Debug|Any CPU
		{E2907E68-060C-4899-B904-A131E41879ED}.Debug|x86.Build.0 = Debug|Any CPU
		{E2907E68-060C-4899-B904-A131E41879ED}.Release|Any CPU.ActiveCfg = Release|Any CPU
		{E2907E68-060C-4899-B904-A131E41879ED}.Release|Any CPU.Build.0 = Release|Any CPU
		{E2907E68-060C-4899-B904-A131E41879ED}.Release|x64.ActiveCfg = Release|Any CPU
		{E2907E68-060C-4899-B904-A131E41879ED}.Release|x64.Build.0 = Release|Any CPU
		{E2907E68-060C-4899-B904-A131E41879ED}.Release|x86.ActiveCfg = Release|Any CPU
		{E2907E68-060C-4899-B904-A131E41879ED}.Release|x86.Build.0 = Release|Any CPU
		{20921F16-C101-4DBE-BA8D-BA8F4CD04FDF}.Debug|Any CPU.ActiveCfg = Debug|Any CPU
		{20921F16-C101-4DBE-BA8D-BA8F4CD04FDF}.Debug|Any CPU.Build.0 = Debug|Any CPU
		{20921F16-C101-4DBE-BA8D-BA8F4CD04FDF}.Debug|x64.ActiveCfg = Debug|Any CPU
		{20921F16-C101-4DBE-BA8D-BA8F4CD04FDF}.Debug|x64.Build.0 = Debug|Any CPU
		{20921F16-C101-4DBE-BA8D-BA8F4CD04FDF}.Debug|x86.ActiveCfg = Debug|Any CPU
		{20921F16-C101-4DBE-BA8D-BA8F4CD04FDF}.Debug|x86.Build.0 = Debug|Any CPU
		{20921F16-C101-4DBE-BA8D-BA8F4CD04FDF}.Release|Any CPU.ActiveCfg = Release|Any CPU
		{20921F16-C101-4DBE-BA8D-BA8F4CD04FDF}.Release|Any CPU.Build.0 = Release|Any CPU
		{20921F16-C101-4DBE-BA8D-BA8F4CD04FDF}.Release|x64.ActiveCfg = Release|Any CPU
		{20921F16-C101-4DBE-BA8D-BA8F4CD04FDF}.Release|x64.Build.0 = Release|Any CPU
		{20921F16-C101-4DBE-BA8D-BA8F4CD04FDF}.Release|x86.ActiveCfg = Release|Any CPU
		{20921F16-C101-4DBE-BA8D-BA8F4CD04FDF}.Release|x86.Build.0 = Release|Any CPU
		{3CE1495F-696D-474D-9108-4008EC4B85D6}.Debug|Any CPU.ActiveCfg = Debug|Any CPU
		{3CE1495F-696D-474D-9108-4008EC4B85D6}.Debug|Any CPU.Build.0 = Debug|Any CPU
		{3CE1495F-696D-474D-9108-4008EC4B85D6}.Debug|x64.ActiveCfg = Debug|Any CPU
		{3CE1495F-696D-474D-9108-4008EC4B85D6}.Debug|x64.Build.0 = Debug|Any CPU
		{3CE1495F-696D-474D-9108-4008EC4B85D6}.Debug|x86.ActiveCfg = Debug|Any CPU
		{3CE1495F-696D-474D-9108-4008EC4B85D6}.Debug|x86.Build.0 = Debug|Any CPU
		{3CE1495F-696D-474D-9108-4008EC4B85D6}.Release|Any CPU.ActiveCfg = Release|Any CPU
		{3CE1495F-696D-474D-9108-4008EC4B85D6}.Release|Any CPU.Build.0 = Release|Any CPU
		{3CE1495F-696D-474D-9108-4008EC4B85D6}.Release|x64.ActiveCfg = Release|Any CPU
		{3CE1495F-696D-474D-9108-4008EC4B85D6}.Release|x64.Build.0 = Release|Any CPU
		{3CE1495F-696D-474D-9108-4008EC4B85D6}.Release|x86.ActiveCfg = Release|Any CPU
		{3CE1495F-696D-474D-9108-4008EC4B85D6}.Release|x86.Build.0 = Release|Any CPU
		{9B054802-D981-4777-9766-D8448E0E17EE}.Debug|Any CPU.ActiveCfg = Debug|Any CPU
		{9B054802-D981-4777-9766-D8448E0E17EE}.Debug|Any CPU.Build.0 = Debug|Any CPU
		{9B054802-D981-4777-9766-D8448E0E17EE}.Debug|x64.ActiveCfg = Debug|Any CPU
		{9B054802-D981-4777-9766-D8448E0E17EE}.Debug|x64.Build.0 = Debug|Any CPU
		{9B054802-D981-4777-9766-D8448E0E17EE}.Debug|x86.ActiveCfg = Debug|Any CPU
		{9B054802-D981-4777-9766-D8448E0E17EE}.Debug|x86.Build.0 = Debug|Any CPU
		{9B054802-D981-4777-9766-D8448E0E17EE}.Release|Any CPU.ActiveCfg = Release|Any CPU
		{9B054802-D981-4777-9766-D8448E0E17EE}.Release|Any CPU.Build.0 = Release|Any CPU
		{9B054802-D981-4777-9766-D8448E0E17EE}.Release|x64.ActiveCfg = Release|Any CPU
		{9B054802-D981-4777-9766-D8448E0E17EE}.Release|x64.Build.0 = Release|Any CPU
		{9B054802-D981-4777-9766-D8448E0E17EE}.Release|x86.ActiveCfg = Release|Any CPU
		{9B054802-D981-4777-9766-D8448E0E17EE}.Release|x86.Build.0 = Release|Any CPU
	EndGlobalSection
	GlobalSection(SolutionProperties) = preSolution
		HideSolutionNode = FALSE
	EndGlobalSection
	GlobalSection(NestedProjects) = preSolution
		{8234505A-C190-4B9F-A57A-0801B975DFEE} = {4F52FD11-658E-A102-6CD3-7D7C16FFA15B}
		{E45ADB9D-E77A-4F3C-B22F-E46DD25F407A} = {4F52FD11-658E-A102-6CD3-7D7C16FFA15B}
		{E2907E68-060C-4899-B904-A131E41879ED} = {4F52FD11-658E-A102-6CD3-7D7C16FFA15B}
		{20921F16-C101-4DBE-BA8D-BA8F4CD04FDF} = {4F52FD11-658E-A102-6CD3-7D7C16FFA15B}
		{3CE1495F-696D-474D-9108-4008EC4B85D6} = {4F52FD11-658E-A102-6CD3-7D7C16FFA15B}
		{9B054802-D981-4777-9766-D8448E0E17EE} = {4F52FD11-658E-A102-6CD3-7D7C16FFA15B}
	EndGlobalSection
EndGlobal
